
Microsoft Visual Studio Solution File, Format Version 12.00
# Visual Studio Version 16
VisualStudioVersion = 25.0.1704.0
MinimumVisualStudioVersion = 10.0.40219.1
Project("{FAE04EC0-301F-11D3-BF4B-00C04F79EFBC}") = "WebProjectFinals", "WebProjectFinals\WebProjectFinals.csproj", "{A5D2512F-A953-4215-8DE4-3CC8B6790AA4}"
EndProject
Project("{FAE04EC0-301F-11D3-BF4B-00C04F79EFBC}") = "UnitTest", "UnitTest\UnitTest.csproj", "{9855D4B6-265A-461C-A00F-2B27D80EA15C}"
EndProject
Project("{FAE04EC0-301F-11D3-BF4B-00C04F79EFBC}") = "Library", "Library\Library.csproj", "{12D41747-2290-401E-8BA4-3CFBF14CAA64}"
EndProject
Global
	GlobalSection(SolutionConfigurationPlatforms) = preSolution
		Debug|Any CPU = Debug|Any CPU
		Release|Any CPU = Release|Any CPU
	EndGlobalSection
	GlobalSection(ProjectConfigurationPlatforms) = postSolution
		{A5D2512F-A953-4215-8DE4-3CC8B6790AA4}.Debug|Any CPU.ActiveCfg = Debug|Any CPU
		{A5D2512F-A953-4215-8DE4-3CC8B6790AA4}.Debug|Any CPU.Build.0 = Debug|Any CPU
		{A5D2512F-A953-4215-8DE4-3CC8B6790AA4}.Release|Any CPU.ActiveCfg = Release|Any CPU
		{A5D2512F-A953-4215-8DE4-3CC8B6790AA4}.Release|Any CPU.Build.0 = Release|Any CPU
		{9855D4B6-265A-461C-A00F-2B27D80EA15C}.Debug|Any CPU.ActiveCfg = Debug|Any CPU
		{9855D4B6-265A-461C-A00F-2B27D80EA15C}.Debug|Any CPU.Build.0 = Debug|Any CPU
		{9855D4B6-265A-461C-A00F-2B27D80EA15C}.Release|Any CPU.ActiveCfg = Release|Any CPU
		{9855D4B6-265A-461C-A00F-2B27D80EA15C}.Release|Any CPU.Build.0 = Release|Any CPU
		{12D41747-2290-401E-8BA4-3CFBF14CAA64}.Debug|Any CPU.ActiveCfg = Debug|Any CPU
		{12D41747-2290-401E-8BA4-3CFBF14CAA64}.Debug|Any CPU.Build.0 = Debug|Any CPU
		{12D41747-2290-401E-8BA4-3CFBF14CAA64}.Release|Any CPU.ActiveCfg = Release|Any CPU
		{12D41747-2290-401E-8BA4-3CFBF14CAA64}.Release|Any CPU.Build.0 = Release|Any CPU
	EndGlobalSection
	GlobalSection(SolutionProperties) = preSolution
		HideSolutionNode = FALSE
	EndGlobalSection
	GlobalSection(ExtensibilityGlobals) = postSolution
		SolutionGuid = {C8A71BEF-4C87-4658-9567-AE4CADDEF941}
	EndGlobalSection
EndGlobal
